// !$*UTF8*$!
{
	archiveVersion = 1;
	classes = {
	};
	objectVersion = 46;
	objects = {

/* Begin PBXBuildFile section */
		3F3756F71ADF39970017223E /* AppDelegate.swift in Sources */ = {isa = PBXBuildFile; fileRef = 3F3756F61ADF39970017223E /* AppDelegate.swift */; };
		3F37570D1ADF39970017223E /* GBHSTests.swift in Sources */ = {isa = PBXBuildFile; fileRef = 3F37570C1ADF39970017223E /* GBHSTests.swift */; };
		3F3757171ADF39C00017223E /* Images.xcassets in Resources */ = {isa = PBXBuildFile; fileRef = 3F3757161ADF39C00017223E /* Images.xcassets */; };
		3F5BE4881B121E2E00390F60 /* TimesViewController.swift in Sources */ = {isa = PBXBuildFile; fileRef = 3F5BE4871B121E2E00390F60 /* TimesViewController.swift */; };
		3F7477CD1B10C77B0064A85E /* MapViewController.swift in Sources */ = {isa = PBXBuildFile; fileRef = 3F7477CC1B10C77B0064A85E /* MapViewController.swift */; };
		3F7477DD1B10CB440064A85E /* AVFoundation.framework in Frameworks */ = {isa = PBXBuildFile; fileRef = 3F7477D11B10CB440064A85E /* AVFoundation.framework */; };
		3F7477DE1B10CB440064A85E /* CoreData.framework in Frameworks */ = {isa = PBXBuildFile; fileRef = 3F7477D21B10CB440064A85E /* CoreData.framework */; };
		3F7477DF1B10CB440064A85E /* CoreLocation.framework in Frameworks */ = {isa = PBXBuildFile; fileRef = 3F7477D31B10CB440064A85E /* CoreLocation.framework */; };
		3F7477E01B10CB440064A85E /* CoreText.framework in Frameworks */ = {isa = PBXBuildFile; fileRef = 3F7477D41B10CB440064A85E /* CoreText.framework */; };
		3F7477E11B10CB440064A85E /* GLKit.framework in Frameworks */ = {isa = PBXBuildFile; fileRef = 3F7477D51B10CB440064A85E /* GLKit.framework */; };
		3F7477E21B10CB440064A85E /* ImageIO.framework in Frameworks */ = {isa = PBXBuildFile; fileRef = 3F7477D61B10CB440064A85E /* ImageIO.framework */; };
		3F7477E31B10CB440064A85E /* libc++.dylib in Frameworks */ = {isa = PBXBuildFile; fileRef = 3F7477D71B10CB440064A85E /* libc++.dylib */; };
		3F7477E41B10CB440064A85E /* libicucore.dylib in Frameworks */ = {isa = PBXBuildFile; fileRef = 3F7477D81B10CB440064A85E /* libicucore.dylib */; };
		3F7477E51B10CB440064A85E /* libz.dylib in Frameworks */ = {isa = PBXBuildFile; fileRef = 3F7477D91B10CB440064A85E /* libz.dylib */; };
		3F7477E61B10CB440064A85E /* OpenGLES.framework in Frameworks */ = {isa = PBXBuildFile; fileRef = 3F7477DA1B10CB440064A85E /* OpenGLES.framework */; };
		3F7477E71B10CB440064A85E /* QuartzCore.framework in Frameworks */ = {isa = PBXBuildFile; fileRef = 3F7477DB1B10CB440064A85E /* QuartzCore.framework */; };
		3F7477E81B10CB440064A85E /* SystemConfiguration.framework in Frameworks */ = {isa = PBXBuildFile; fileRef = 3F7477DC1B10CB440064A85E /* SystemConfiguration.framework */; };
		3F7478061B110CA30064A85E /* GoogleMaps.framework in Frameworks */ = {isa = PBXBuildFile; fileRef = 3F7478051B110CA30064A85E /* GoogleMaps.framework */; };
		3F7478161B1188230064A85E /* GoogleMaps.bundle in Resources */ = {isa = PBXBuildFile; fileRef = 3F7478151B1188230064A85E /* GoogleMaps.bundle */; };
		3F7982741B0FD6F4007FD42A /* Main.storyboard in Resources */ = {isa = PBXBuildFile; fileRef = 3F3756FA1ADF39970017223E /* Main.storyboard */; };
		3F7982751B0FD739007FD42A /* LaunchScreen.xib in Resources */ = {isa = PBXBuildFile; fileRef = 3F3756FF1ADF39970017223E /* LaunchScreen.xib */; };
		3F841AC41B0F8C1000A2A4EA /* Fabric.framework in Frameworks */ = {isa = PBXBuildFile; fileRef = 3F841AC01B0F8C1000A2A4EA /* Fabric.framework */; };
		3F841AC61B0F8C1000A2A4EA /* TwitterKit.framework in Frameworks */ = {isa = PBXBuildFile; fileRef = 3F841AC11B0F8C1000A2A4EA /* TwitterKit.framework */; };
		3F841AC71B0F8C1000A2A4EA /* TwitterKitResources.bundle in Resources */ = {isa = PBXBuildFile; fileRef = 3F841AC21B0F8C1000A2A4EA /* TwitterKitResources.bundle */; };
		3F841AC81B0F8C1000A2A4EA /* TwitterCore.framework in Frameworks */ = {isa = PBXBuildFile; fileRef = 3F841AC31B0F8C1000A2A4EA /* TwitterCore.framework */; };
		3F841ACA1B0F8C5800A2A4EA /* Crashlytics.framework in Frameworks */ = {isa = PBXBuildFile; fileRef = 3F841AC91B0F8C5800A2A4EA /* Crashlytics.framework */; };
		3FC9469B1B138C310005A54D /* GradesViewController.swift in Sources */ = {isa = PBXBuildFile; fileRef = 3FC9469A1B138C310005A54D /* GradesViewController.swift */; };
		3FC9469D1B139EA00005A54D /* FacebookViewController.swift in Sources */ = {isa = PBXBuildFile; fileRef = 3FC9469C1B139EA00005A54D /* FacebookViewController.swift */; };
		3FC946A01B13A2190005A54D /* ExternalViewController.swift in Sources */ = {isa = PBXBuildFile; fileRef = 3FC9469F1B13A2190005A54D /* ExternalViewController.swift */; };
		3FC946A61B142B000005A54D /* CalendarViewController.swift in Sources */ = {isa = PBXBuildFile; fileRef = 3FC946A51B142B000005A54D /* CalendarViewController.swift */; };
		3FD0D0931B0EDAC7007BDEBB /* AnnounceViewController.swift in Sources */ = {isa = PBXBuildFile; fileRef = 3FD0D0921B0EDAC7007BDEBB /* AnnounceViewController.swift */; };
		3FD0D0951B0EDAD2007BDEBB /* FacultyViewController.swift in Sources */ = {isa = PBXBuildFile; fileRef = 3FD0D0941B0EDAD2007BDEBB /* FacultyViewController.swift */; };
		3FD0D0971B0EDADE007BDEBB /* MoreViewController.swift in Sources */ = {isa = PBXBuildFile; fileRef = 3FD0D0961B0EDADE007BDEBB /* MoreViewController.swift */; };
		3FD0D0991B0EDAE5007BDEBB /* NavigationController.swift in Sources */ = {isa = PBXBuildFile; fileRef = 3FD0D0981B0EDAE5007BDEBB /* NavigationController.swift */; };
		3FD0D09B1B0EDAEA007BDEBB /* TweetsViewController.swift in Sources */ = {isa = PBXBuildFile; fileRef = 3FD0D09A1B0EDAEA007BDEBB /* TweetsViewController.swift */; };
/* End PBXBuildFile section */

/* Begin PBXContainerItemProxy section */
		3F3757071ADF39970017223E /* PBXContainerItemProxy */ = {
			isa = PBXContainerItemProxy;
			containerPortal = 3F3756E91ADF39970017223E /* Project object */;
			proxyType = 1;
			remoteGlobalIDString = 3F3756F01ADF39970017223E;
			remoteInfo = GBHS;
		};
/* End PBXContainerItemProxy section */

/* Begin PBXFileReference section */
		3F3756F51ADF39970017223E /* Info.plist */ = {isa = PBXFileReference; lastKnownFileType = text.plist.xml; path = Info.plist; sourceTree = "<group>"; };
		3F3756F61ADF39970017223E /* AppDelegate.swift */ = {isa = PBXFileReference; lastKnownFileType = sourcecode.swift; path = AppDelegate.swift; sourceTree = "<group>"; };
		3F3756FB1ADF39970017223E /* Base */ = {isa = PBXFileReference; lastKnownFileType = file.storyboard; name = Base; path = Base.lproj/Main.storyboard; sourceTree = "<group>"; };
		3F3757001ADF39970017223E /* Base */ = {isa = PBXFileReference; lastKnownFileType = file.xib; name = Base; path = Base.lproj/LaunchScreen.xib; sourceTree = "<group>"; };
		3F37570B1ADF39970017223E /* Info.plist */ = {isa = PBXFileReference; lastKnownFileType = text.plist.xml; path = Info.plist; sourceTree = "<group>"; };
		3F37570C1ADF39970017223E /* GBHSTests.swift */ = {isa = PBXFileReference; lastKnownFileType = sourcecode.swift; path = GBHSTests.swift; sourceTree = "<group>"; };
		3F3757161ADF39C00017223E /* Images.xcassets */ = {isa = PBXFileReference; lastKnownFileType = folder.assetcatalog; path = Images.xcassets; sourceTree = "<group>"; };
		3F5BE4871B121E2E00390F60 /* TimesViewController.swift */ = {isa = PBXFileReference; fileEncoding = 4; lastKnownFileType = sourcecode.swift; path = TimesViewController.swift; sourceTree = "<group>"; };
		3F7477CC1B10C77B0064A85E /* MapViewController.swift */ = {isa = PBXFileReference; fileEncoding = 4; lastKnownFileType = sourcecode.swift; path = MapViewController.swift; sourceTree = "<group>"; };
		3F7477D11B10CB440064A85E /* AVFoundation.framework */ = {isa = PBXFileReference; lastKnownFileType = wrapper.framework; name = AVFoundation.framework; path = System/Library/Frameworks/AVFoundation.framework; sourceTree = SDKROOT; };
		3F7477D21B10CB440064A85E /* CoreData.framework */ = {isa = PBXFileReference; lastKnownFileType = wrapper.framework; name = CoreData.framework; path = System/Library/Frameworks/CoreData.framework; sourceTree = SDKROOT; };
		3F7477D31B10CB440064A85E /* CoreLocation.framework */ = {isa = PBXFileReference; lastKnownFileType = wrapper.framework; name = CoreLocation.framework; path = System/Library/Frameworks/CoreLocation.framework; sourceTree = SDKROOT; };
		3F7477D41B10CB440064A85E /* CoreText.framework */ = {isa = PBXFileReference; lastKnownFileType = wrapper.framework; name = CoreText.framework; path = System/Library/Frameworks/CoreText.framework; sourceTree = SDKROOT; };
		3F7477D51B10CB440064A85E /* GLKit.framework */ = {isa = PBXFileReference; lastKnownFileType = wrapper.framework; name = GLKit.framework; path = System/Library/Frameworks/GLKit.framework; sourceTree = SDKROOT; };
		3F7477D61B10CB440064A85E /* ImageIO.framework */ = {isa = PBXFileReference; lastKnownFileType = wrapper.framework; name = ImageIO.framework; path = System/Library/Frameworks/ImageIO.framework; sourceTree = SDKROOT; };
		3F7477D71B10CB440064A85E /* libc++.dylib */ = {isa = PBXFileReference; lastKnownFileType = "compiled.mach-o.dylib"; name = "libc++.dylib"; path = "usr/lib/libc++.dylib"; sourceTree = SDKROOT; };
		3F7477D81B10CB440064A85E /* libicucore.dylib */ = {isa = PBXFileReference; lastKnownFileType = "compiled.mach-o.dylib"; name = libicucore.dylib; path = usr/lib/libicucore.dylib; sourceTree = SDKROOT; };
		3F7477D91B10CB440064A85E /* libz.dylib */ = {isa = PBXFileReference; lastKnownFileType = "compiled.mach-o.dylib"; name = libz.dylib; path = usr/lib/libz.dylib; sourceTree = SDKROOT; };
		3F7477DA1B10CB440064A85E /* OpenGLES.framework */ = {isa = PBXFileReference; lastKnownFileType = wrapper.framework; name = OpenGLES.framework; path = System/Library/Frameworks/OpenGLES.framework; sourceTree = SDKROOT; };
		3F7477DB1B10CB440064A85E /* QuartzCore.framework */ = {isa = PBXFileReference; lastKnownFileType = wrapper.framework; name = QuartzCore.framework; path = System/Library/Frameworks/QuartzCore.framework; sourceTree = SDKROOT; };
		3F7477DC1B10CB440064A85E /* SystemConfiguration.framework */ = {isa = PBXFileReference; lastKnownFileType = wrapper.framework; name = SystemConfiguration.framework; path = System/Library/Frameworks/SystemConfiguration.framework; sourceTree = SDKROOT; };
		3F7477F61B10D19D0064A85E /* GBHS-Bridging-Header.h */ = {isa = PBXFileReference; lastKnownFileType = sourcecode.c.h; path = "GBHS-Bridging-Header.h"; sourceTree = "<group>"; };
		3F7478051B110CA30064A85E /* GoogleMaps.framework */ = {isa = PBXFileReference; lastKnownFileType = wrapper.framework; path = GoogleMaps.framework; sourceTree = SOURCE_ROOT; };
		3F7478151B1188230064A85E /* GoogleMaps.bundle */ = {isa = PBXFileReference; lastKnownFileType = "wrapper.plug-in"; name = GoogleMaps.bundle; path = GoogleMaps.framework/Versions/A/Resources/GoogleMaps.bundle; sourceTree = SOURCE_ROOT; };
		3F841AC01B0F8C1000A2A4EA /* Fabric.framework */ = {isa = PBXFileReference; lastKnownFileType = wrapper.framework; name = Fabric.framework; path = ../Fabric.framework; sourceTree = "<group>"; };
		3F841AC11B0F8C1000A2A4EA /* TwitterKit.framework */ = {isa = PBXFileReference; lastKnownFileType = wrapper.framework; name = TwitterKit.framework; path = ../TwitterKit.framework; sourceTree = "<group>"; };
		3F841AC21B0F8C1000A2A4EA /* TwitterKitResources.bundle */ = {isa = PBXFileReference; lastKnownFileType = "wrapper.plug-in"; name = TwitterKitResources.bundle; path = ../TwitterKit.framework/Versions/A/Resources/TwitterKitResources.bundle; sourceTree = "<group>"; };
		3F841AC31B0F8C1000A2A4EA /* TwitterCore.framework */ = {isa = PBXFileReference; lastKnownFileType = wrapper.framework; name = TwitterCore.framework; path = ../TwitterCore.framework; sourceTree = "<group>"; };
		3F841AC91B0F8C5800A2A4EA /* Crashlytics.framework */ = {isa = PBXFileReference; lastKnownFileType = wrapper.framework; name = Crashlytics.framework; path = ../Crashlytics.framework; sourceTree = "<group>"; };
		3FC9469A1B138C310005A54D /* GradesViewController.swift */ = {isa = PBXFileReference; fileEncoding = 4; lastKnownFileType = sourcecode.swift; path = GradesViewController.swift; sourceTree = "<group>"; };
		3FC9469C1B139EA00005A54D /* FacebookViewController.swift */ = {isa = PBXFileReference; fileEncoding = 4; lastKnownFileType = sourcecode.swift; path = FacebookViewController.swift; sourceTree = "<group>"; };
		3FC9469F1B13A2190005A54D /* ExternalViewController.swift */ = {isa = PBXFileReference; fileEncoding = 4; lastKnownFileType = sourcecode.swift; path = ExternalViewController.swift; sourceTree = "<group>"; };
		3FC946A51B142B000005A54D /* CalendarViewController.swift */ = {isa = PBXFileReference; fileEncoding = 4; lastKnownFileType = sourcecode.swift; path = CalendarViewController.swift; sourceTree = "<group>"; };
		3FD0D0921B0EDAC7007BDEBB /* AnnounceViewController.swift */ = {isa = PBXFileReference; fileEncoding = 4; lastKnownFileType = sourcecode.swift; path = AnnounceViewController.swift; sourceTree = "<group>"; };
		3FD0D0941B0EDAD2007BDEBB /* FacultyViewController.swift */ = {isa = PBXFileReference; fileEncoding = 4; lastKnownFileType = sourcecode.swift; path = FacultyViewController.swift; sourceTree = "<group>"; };
		3FD0D0961B0EDADE007BDEBB /* MoreViewController.swift */ = {isa = PBXFileReference; fileEncoding = 4; lastKnownFileType = sourcecode.swift; path = MoreViewController.swift; sourceTree = "<group>"; };
		3FD0D0981B0EDAE5007BDEBB /* NavigationController.swift */ = {isa = PBXFileReference; fileEncoding = 4; lastKnownFileType = sourcecode.swift; path = NavigationController.swift; sourceTree = "<group>"; };
		3FD0D09A1B0EDAEA007BDEBB /* TweetsViewController.swift */ = {isa = PBXFileReference; fileEncoding = 4; lastKnownFileType = sourcecode.swift; path = TweetsViewController.swift; sourceTree = "<group>"; };
		3FDB30441B14B619006346B5 /* GBHS.app */ = {isa = PBXFileReference; explicitFileType = wrapper.application; includeInIndex = 0; name = GBHS.app; path = "/Users/student/GBHS-iOS/build/Debug-iphoneos/GBHS.app"; sourceTree = "<absolute>"; };
		3FDB30451B14B619006346B5 /* GBHSTests.xctest */ = {isa = PBXFileReference; explicitFileType = wrapper.cfbundle; includeInIndex = 0; name = GBHSTests.xctest; path = "/Users/student/GBHS-iOS/build/Debug-iphoneos/GBHSTests.xctest"; sourceTree = "<absolute>"; };
/* End PBXFileReference section */

/* Begin PBXFrameworksBuildPhase section */
		3F3756EE1ADF39970017223E /* Frameworks */ = {
			isa = PBXFrameworksBuildPhase;
			buildActionMask = 2147483647;
			files = (
				3F7477DD1B10CB440064A85E /* AVFoundation.framework in Frameworks */,
				3F7477DE1B10CB440064A85E /* CoreData.framework in Frameworks */,
				3F7477DF1B10CB440064A85E /* CoreLocation.framework in Frameworks */,
				3F7477E01B10CB440064A85E /* CoreText.framework in Frameworks */,
				3F7477E11B10CB440064A85E /* GLKit.framework in Frameworks */,
				3F7477E21B10CB440064A85E /* ImageIO.framework in Frameworks */,
				3F7477E31B10CB440064A85E /* libc++.dylib in Frameworks */,
				3F7477E41B10CB440064A85E /* libicucore.dylib in Frameworks */,
				3F7477E51B10CB440064A85E /* libz.dylib in Frameworks */,
				3F7477E61B10CB440064A85E /* OpenGLES.framework in Frameworks */,
				3F7477E71B10CB440064A85E /* QuartzCore.framework in Frameworks */,
				3F7477E81B10CB440064A85E /* SystemConfiguration.framework in Frameworks */,
				3F841AC41B0F8C1000A2A4EA /* Fabric.framework in Frameworks */,
				3F841AC81B0F8C1000A2A4EA /* TwitterCore.framework in Frameworks */,
				3F7478061B110CA30064A85E /* GoogleMaps.framework in Frameworks */,
				3F841ACA1B0F8C5800A2A4EA /* Crashlytics.framework in Frameworks */,
				3F841AC61B0F8C1000A2A4EA /* TwitterKit.framework in Frameworks */,
			);
			runOnlyForDeploymentPostprocessing = 0;
		};
		3F3757031ADF39970017223E /* Frameworks */ = {
			isa = PBXFrameworksBuildPhase;
			buildActionMask = 2147483647;
			files = (
			);
			runOnlyForDeploymentPostprocessing = 0;
		};
/* End PBXFrameworksBuildPhase section */

/* Begin PBXGroup section */
		3F3756E81ADF39970017223E = {
			isa = PBXGroup;
			children = (
				3F3756F31ADF39970017223E /* GBHS */,
				3F3757091ADF39970017223E /* GBHSTests */,
				3F7477ED1B10CDD50064A85E /* Frameworks */,
			);
			sourceTree = "<group>";
		};
		3F3756F31ADF39970017223E /* GBHS */ = {
			isa = PBXGroup;
			children = (
				3FC946A11B1408510005A54D /* Controllers */,
				3FC946A31B1408790005A54D /* Headers */,
				3FC946A21B14085E0005A54D /* Views */,
				3F3756F61ADF39970017223E /* AppDelegate.swift */,
				3F3756FA1ADF39970017223E /* Main.storyboard */,
				3F3757161ADF39C00017223E /* Images.xcassets */,
				3F3756FF1ADF39970017223E /* LaunchScreen.xib */,
				3F3756F41ADF39970017223E /* Supporting Files */,
			);
			path = GBHS;
			sourceTree = "<group>";
		};
		3F3756F41ADF39970017223E /* Supporting Files */ = {
			isa = PBXGroup;
			children = (
				3F3756F51ADF39970017223E /* Info.plist */,
			);
			name = "Supporting Files";
			sourceTree = "<group>";
		};
		3F3757091ADF39970017223E /* GBHSTests */ = {
			isa = PBXGroup;
			children = (
				3F37570C1ADF39970017223E /* GBHSTests.swift */,
				3F37570A1ADF39970017223E /* Supporting Files */,
			);
			path = GBHSTests;
			sourceTree = SOURCE_ROOT;
		};
		3F37570A1ADF39970017223E /* Supporting Files */ = {
			isa = PBXGroup;
			children = (
				3F37570B1ADF39970017223E /* Info.plist */,
			);
			name = "Supporting Files";
			sourceTree = "<group>";
		};
		3F7477ED1B10CDD50064A85E /* Frameworks */ = {
			isa = PBXGroup;
			children = (
				3F7478151B1188230064A85E /* GoogleMaps.bundle */,
				3F7478051B110CA30064A85E /* GoogleMaps.framework */,
				3F7477D11B10CB440064A85E /* AVFoundation.framework */,
				3F7477D21B10CB440064A85E /* CoreData.framework */,
				3F7477D31B10CB440064A85E /* CoreLocation.framework */,
				3F7477D41B10CB440064A85E /* CoreText.framework */,
				3F7477D51B10CB440064A85E /* GLKit.framework */,
				3F7477D61B10CB440064A85E /* ImageIO.framework */,
				3F7477D71B10CB440064A85E /* libc++.dylib */,
				3F7477D81B10CB440064A85E /* libicucore.dylib */,
				3F7477D91B10CB440064A85E /* libz.dylib */,
				3F7477DA1B10CB440064A85E /* OpenGLES.framework */,
				3F7477DB1B10CB440064A85E /* QuartzCore.framework */,
				3F7477DC1B10CB440064A85E /* SystemConfiguration.framework */,
				3F841AC91B0F8C5800A2A4EA /* Crashlytics.framework */,
				3F841AC01B0F8C1000A2A4EA /* Fabric.framework */,
				3F841AC11B0F8C1000A2A4EA /* TwitterKit.framework */,
				3F841AC21B0F8C1000A2A4EA /* TwitterKitResources.bundle */,
				3F841AC31B0F8C1000A2A4EA /* TwitterCore.framework */,
			);
			name = Frameworks;
			path = GBHSTests;
			sourceTree = "<group>";
		};
		3FC946A11B1408510005A54D /* Controllers */ = {
			isa = PBXGroup;
			children = (
				3FD0D0981B0EDAE5007BDEBB /* NavigationController.swift */,
			);
			name = Controllers;
			sourceTree = "<group>";
		};
		3FC946A21B14085E0005A54D /* Views */ = {
			isa = PBXGroup;
			children = (
				3FD0D0921B0EDAC7007BDEBB /* AnnounceViewController.swift */,
				3F7477CC1B10C77B0064A85E /* MapViewController.swift */,
				3FC9469C1B139EA00005A54D /* FacebookViewController.swift */,
				3FC9469F1B13A2190005A54D /* ExternalViewController.swift */,
				3FC946A51B142B000005A54D /* CalendarViewController.swift */,
				3FC9469A1B138C310005A54D /* GradesViewController.swift */,
				3FD0D09A1B0EDAEA007BDEBB /* TweetsViewController.swift */,
				3F5BE4871B121E2E00390F60 /* TimesViewController.swift */,
				3FD0D0941B0EDAD2007BDEBB /* FacultyViewController.swift */,
				3FD0D0961B0EDADE007BDEBB /* MoreViewController.swift */,
			);
			name = Views;
			sourceTree = "<group>";
		};
		3FC946A31B1408790005A54D /* Headers */ = {
			isa = PBXGroup;
			children = (
				3F7477F61B10D19D0064A85E /* GBHS-Bridging-Header.h */,
			);
			name = Headers;
			sourceTree = "<group>";
		};
/* End PBXGroup section */

/* Begin PBXNativeTarget section */
		3F3756F01ADF39970017223E /* GBHS */ = {
			isa = PBXNativeTarget;
			buildConfigurationList = 3F3757101ADF39970017223E /* Build configuration list for PBXNativeTarget "GBHS" */;
			buildPhases = (
				3F3756ED1ADF39970017223E /* Sources */,
				3F3756EE1ADF39970017223E /* Frameworks */,
				3F3756EF1ADF39970017223E /* Resources */,
				3F841ABF1B0F8BE700A2A4EA /* ShellScript */,
			);
			buildRules = (
			);
			dependencies = (
			);
			name = GBHS;
			productName = GBHS;
			productReference = 3FDB30441B14B619006346B5 /* GBHS.app */;
			productType = "com.apple.product-type.application";
		};
		3F3757051ADF39970017223E /* GBHSTests */ = {
			isa = PBXNativeTarget;
			buildConfigurationList = 3F3757131ADF39970017223E /* Build configuration list for PBXNativeTarget "GBHSTests" */;
			buildPhases = (
				3F3757021ADF39970017223E /* Sources */,
				3F3757031ADF39970017223E /* Frameworks */,
				3F3757041ADF39970017223E /* Resources */,
			);
			buildRules = (
			);
			dependencies = (
				3F3757081ADF39970017223E /* PBXTargetDependency */,
			);
			name = GBHSTests;
			productName = GBHSTests;
			productReference = 3FDB30451B14B619006346B5 /* GBHSTests.xctest */;
			productType = "com.apple.product-type.bundle.unit-test";
		};
/* End PBXNativeTarget section */

/* Begin PBXProject section */
		3F3756E91ADF39970017223E /* Project object */ = {
			isa = PBXProject;
			attributes = {
				LastUpgradeCheck = 0630;
				ORGANIZATIONNAME = "Grand Blanc High School";
				TargetAttributes = {
					3F3756F01ADF39970017223E = {
						CreatedOnToolsVersion = 6.3;
						DevelopmentTeam = KFHQQKGJ4H;
					};
					3F3757051ADF39970017223E = {
						CreatedOnToolsVersion = 6.3;
						TestTargetID = 3F3756F01ADF39970017223E;
					};
				};
			};
			buildConfigurationList = 3F3756EC1ADF39970017223E /* Build configuration list for PBXProject "GBHS" */;
			compatibilityVersion = "Xcode 3.2";
			developmentRegion = English;
			hasScannedForEncodings = 0;
			knownRegions = (
				en,
				Base,
			);
			mainGroup = 3F3756E81ADF39970017223E;
			productRefGroup = 3F3756E81ADF39970017223E;
			projectDirPath = "";
			projectRoot = "";
			targets = (
				3F3756F01ADF39970017223E /* GBHS */,
				3F3757051ADF39970017223E /* GBHSTests */,
			);
		};
/* End PBXProject section */

/* Begin PBXResourcesBuildPhase section */
		3F3756EF1ADF39970017223E /* Resources */ = {
			isa = PBXResourcesBuildPhase;
			buildActionMask = 2147483647;
			files = (
				3F7982751B0FD739007FD42A /* LaunchScreen.xib in Resources */,
				3F7982741B0FD6F4007FD42A /* Main.storyboard in Resources */,
				3F841AC71B0F8C1000A2A4EA /* TwitterKitResources.bundle in Resources */,
				3F3757171ADF39C00017223E /* Images.xcassets in Resources */,
				3F7478161B1188230064A85E /* GoogleMaps.bundle in Resources */,
			);
			runOnlyForDeploymentPostprocessing = 0;
		};
		3F3757041ADF39970017223E /* Resources */ = {
			isa = PBXResourcesBuildPhase;
			buildActionMask = 2147483647;
			files = (
			);
			runOnlyForDeploymentPostprocessing = 0;
		};
/* End PBXResourcesBuildPhase section */

/* Begin PBXShellScriptBuildPhase section */
		3F841ABF1B0F8BE700A2A4EA /* ShellScript */ = {
			isa = PBXShellScriptBuildPhase;
			buildActionMask = 12;
			files = (
			);
			inputPaths = (
			);
			outputPaths = (
			);
			runOnlyForDeploymentPostprocessing = 0;
			shellPath = /bin/sh;
			shellScript = "";
			showEnvVarsInLog = 0;
		};
/* End PBXShellScriptBuildPhase section */

/* Begin PBXSourcesBuildPhase section */
		3F3756ED1ADF39970017223E /* Sources */ = {
			isa = PBXSourcesBuildPhase;
			buildActionMask = 2147483647;
			files = (
				3FC946A61B142B000005A54D /* CalendarViewController.swift in Sources */,
				3FD0D0971B0EDADE007BDEBB /* MoreViewController.swift in Sources */,
				3FD0D0991B0EDAE5007BDEBB /* NavigationController.swift in Sources */,
				3F5BE4881B121E2E00390F60 /* TimesViewController.swift in Sources */,
				3FC9469D1B139EA00005A54D /* FacebookViewController.swift in Sources */,
				3FD0D0951B0EDAD2007BDEBB /* FacultyViewController.swift in Sources */,
				3FC9469B1B138C310005A54D /* GradesViewController.swift in Sources */,
				3FD0D09B1B0EDAEA007BDEBB /* TweetsViewController.swift in Sources */,
				3FD0D0931B0EDAC7007BDEBB /* AnnounceViewController.swift in Sources */,
				3F3756F71ADF39970017223E /* AppDelegate.swift in Sources */,
				3F7477CD1B10C77B0064A85E /* MapViewController.swift in Sources */,
				3FC946A01B13A2190005A54D /* ExternalViewController.swift in Sources */,
			);
			runOnlyForDeploymentPostprocessing = 0;
		};
		3F3757021ADF39970017223E /* Sources */ = {
			isa = PBXSourcesBuildPhase;
			buildActionMask = 2147483647;
			files = (
				3F37570D1ADF39970017223E /* GBHSTests.swift in Sources */,
			);
			runOnlyForDeploymentPostprocessing = 0;
		};
/* End PBXSourcesBuildPhase section */

/* Begin PBXTargetDependency section */
		3F3757081ADF39970017223E /* PBXTargetDependency */ = {
			isa = PBXTargetDependency;
			target = 3F3756F01ADF39970017223E /* GBHS */;
			targetProxy = 3F3757071ADF39970017223E /* PBXContainerItemProxy */;
		};
/* End PBXTargetDependency section */

/* Begin PBXVariantGroup section */
		3F3756FA1ADF39970017223E /* Main.storyboard */ = {
			isa = PBXVariantGroup;
			children = (
				3F3756FB1ADF39970017223E /* Base */,
			);
			name = Main.storyboard;
			sourceTree = "<group>";
		};
		3F3756FF1ADF39970017223E /* LaunchScreen.xib */ = {
			isa = PBXVariantGroup;
			children = (
				3F3757001ADF39970017223E /* Base */,
			);
			name = LaunchScreen.xib;
			sourceTree = "<group>";
		};
/* End PBXVariantGroup section */

/* Begin XCBuildConfiguration section */
		3F37570E1ADF39970017223E /* Debug */ = {
			isa = XCBuildConfiguration;
			buildSettings = {
				ALWAYS_SEARCH_USER_PATHS = NO;
				CLANG_CXX_LANGUAGE_STANDARD = "gnu++0x";
				CLANG_CXX_LIBRARY = "libc++";
				CLANG_ENABLE_MODULES = YES;
				CLANG_ENABLE_OBJC_ARC = YES;
				CLANG_WARN_BOOL_CONVERSION = YES;
				CLANG_WARN_CONSTANT_CONVERSION = YES;
				CLANG_WARN_DIRECT_OBJC_ISA_USAGE = YES_ERROR;
				CLANG_WARN_EMPTY_BODY = YES;
				CLANG_WARN_ENUM_CONVERSION = YES;
				CLANG_WARN_INT_CONVERSION = YES;
				CLANG_WARN_OBJC_ROOT_CLASS = YES_ERROR;
				CLANG_WARN_UNREACHABLE_CODE = YES;
				CLANG_WARN__DUPLICATE_METHOD_MATCH = YES;
				"CODE_SIGN_IDENTITY[sdk=iphoneos*]" = "iPhone Developer";
				COPY_PHASE_STRIP = NO;
				DEBUG_INFORMATION_FORMAT = "dwarf-with-dsym";
				ENABLE_STRICT_OBJC_MSGSEND = YES;
				GCC_C_LANGUAGE_STANDARD = gnu99;
				GCC_DYNAMIC_NO_PIC = NO;
				GCC_NO_COMMON_BLOCKS = YES;
				GCC_OPTIMIZATION_LEVEL = 0;
				GCC_PREPROCESSOR_DEFINITIONS = (
					"DEBUG=1",
					"$(inherited)",
				);
				GCC_SYMBOLS_PRIVATE_EXTERN = NO;
				GCC_WARN_64_TO_32_BIT_CONVERSION = YES;
				GCC_WARN_ABOUT_RETURN_TYPE = YES_ERROR;
				GCC_WARN_UNDECLARED_SELECTOR = YES;
				GCC_WARN_UNINITIALIZED_AUTOS = YES_AGGRESSIVE;
				GCC_WARN_UNUSED_FUNCTION = YES;
				GCC_WARN_UNUSED_VARIABLE = YES;
				IPHONEOS_DEPLOYMENT_TARGET = 8.3;
				MTL_ENABLE_DEBUG_INFO = YES;
				ONLY_ACTIVE_ARCH = YES;
				SDKROOT = iphoneos;
				SWIFT_OPTIMIZATION_LEVEL = "-Onone";
				TARGETED_DEVICE_FAMILY = "1,2";
			};
			name = Debug;
		};
		3F37570F1ADF39970017223E /* Release */ = {
			isa = XCBuildConfiguration;
			buildSettings = {
				ALWAYS_SEARCH_USER_PATHS = NO;
				CLANG_CXX_LANGUAGE_STANDARD = "gnu++0x";
				CLANG_CXX_LIBRARY = "libc++";
				CLANG_ENABLE_MODULES = YES;
				CLANG_ENABLE_OBJC_ARC = YES;
				CLANG_WARN_BOOL_CONVERSION = YES;
				CLANG_WARN_CONSTANT_CONVERSION = YES;
				CLANG_WARN_DIRECT_OBJC_ISA_USAGE = YES_ERROR;
				CLANG_WARN_EMPTY_BODY = YES;
				CLANG_WARN_ENUM_CONVERSION = YES;
				CLANG_WARN_INT_CONVERSION = YES;
				CLANG_WARN_OBJC_ROOT_CLASS = YES_ERROR;
				CLANG_WARN_UNREACHABLE_CODE = YES;
				CLANG_WARN__DUPLICATE_METHOD_MATCH = YES;
				"CODE_SIGN_IDENTITY[sdk=iphoneos*]" = "iPhone Developer";
				COPY_PHASE_STRIP = NO;
				DEBUG_INFORMATION_FORMAT = "dwarf-with-dsym";
				ENABLE_NS_ASSERTIONS = NO;
				ENABLE_STRICT_OBJC_MSGSEND = YES;
				GCC_C_LANGUAGE_STANDARD = gnu99;
				GCC_NO_COMMON_BLOCKS = YES;
				GCC_WARN_64_TO_32_BIT_CONVERSION = YES;
				GCC_WARN_ABOUT_RETURN_TYPE = YES_ERROR;
				GCC_WARN_UNDECLARED_SELECTOR = YES;
				GCC_WARN_UNINITIALIZED_AUTOS = YES_AGGRESSIVE;
				GCC_WARN_UNUSED_FUNCTION = YES;
				GCC_WARN_UNUSED_VARIABLE = YES;
				IPHONEOS_DEPLOYMENT_TARGET = 8.3;
				MTL_ENABLE_DEBUG_INFO = NO;
				SDKROOT = iphoneos;
				TARGETED_DEVICE_FAMILY = "1,2";
				VALIDATE_PRODUCT = YES;
			};
			name = Release;
		};
		3F3757111ADF39970017223E /* Debug */ = {
			isa = XCBuildConfiguration;
			buildSettings = {
				ASSETCATALOG_COMPILER_APPICON_NAME = AppIcon;
				ASSETCATALOG_COMPILER_LAUNCHIMAGE_NAME = LaunchImage;
				CLANG_ENABLE_MODULES = YES;
				CODE_SIGN_IDENTITY = "iPhone Developer";
				"CODE_SIGN_IDENTITY[sdk=iphoneos*]" = "iPhone Developer";
				FRAMEWORK_SEARCH_PATHS = (
					"$(inherited)",
					"$(PROJECT_DIR)",
					"$(PROJECT_DIR)/GBHSTests",
				);
				INFOPLIST_FILE = GBHS/Info.plist;
				LD_RUNPATH_SEARCH_PATHS = "$(inherited) @executable_path/Frameworks";
				"OTHER_LDFLAGS[arch=*]" = "-ObjC";
				PRODUCT_NAME = "$(TARGET_NAME)";
				PROVISIONING_PROFILE = "";
				SWIFT_OBJC_BRIDGING_HEADER = "GBHS/GBHS-Bridging-Header.h";
				SWIFT_OPTIMIZATION_LEVEL = "-Onone";
			};
			name = Debug;
		};
		3F3757121ADF39970017223E /* Release */ = {
			isa = XCBuildConfiguration;
			buildSettings = {
				ASSETCATALOG_COMPILER_APPICON_NAME = AppIcon;
				ASSETCATALOG_COMPILER_LAUNCHIMAGE_NAME = LaunchImage;
				CLANG_ENABLE_MODULES = YES;
				CODE_SIGN_IDENTITY = "iPhone Developer";
				"CODE_SIGN_IDENTITY[sdk=iphoneos*]" = "iPhone Developer";
				FRAMEWORK_SEARCH_PATHS = (
					"$(inherited)",
					"$(PROJECT_DIR)",
					"$(PROJECT_DIR)/GBHSTests",
				);
				INFOPLIST_FILE = GBHS/Info.plist;
				LD_RUNPATH_SEARCH_PATHS = "$(inherited) @executable_path/Frameworks";
				"OTHER_LDFLAGS[arch=*]" = "-ObjC";
				PRODUCT_NAME = "$(TARGET_NAME)";
				PROVISIONING_PROFILE = "";
				SWIFT_OBJC_BRIDGING_HEADER = "GBHS/GBHS-Bridging-Header.h";
			};
			name = Release;
		};
		3F3757141ADF39970017223E /* Debug */ = {
			isa = XCBuildConfiguration;
			buildSettings = {
				BUNDLE_LOADER = "$(TEST_HOST)";
				FRAMEWORK_SEARCH_PATHS = (
					"$(SDKROOT)/Developer/Library/Frameworks",
					"$(inherited)",
				);
				GCC_PREPROCESSOR_DEFINITIONS = (
					"DEBUG=1",
					"$(inherited)",
				);
				INFOPLIST_FILE = GBHSTests/Info.plist;
				LD_RUNPATH_SEARCH_PATHS = "$(inherited) @executable_path/Frameworks @loader_path/Frameworks";
				PRODUCT_NAME = "$(TARGET_NAME)";
				TEST_HOST = "$(BUILT_PRODUCTS_DIR)/GBHS.app/GBHS";
			};
			name = Debug;
		};
		3F3757151ADF39970017223E /* Release */ = {
			isa = XCBuildConfiguration;
			buildSettings = {
				BUNDLE_LOADER = "$(TEST_HOST)";
				FRAMEWORK_SEARCH_PATHS = (
					"$(SDKROOT)/Developer/Library/Frameworks",
					"$(inherited)",
				);
				INFOPLIST_FILE = GBHSTests/Info.plist;
				LD_RUNPATH_SEARCH_PATHS = "$(inherited) @executable_path/Frameworks @loader_path/Frameworks";
				PRODUCT_NAME = "$(TARGET_NAME)";
				TEST_HOST = "$(BUILT_PRODUCTS_DIR)/GBHS.app/GBHS";
			};
			name = Release;
		};
/* End XCBuildConfiguration section */

/* Begin XCConfigurationList section */
		3F3756EC1ADF39970017223E /* Build configuration list for PBXProject "GBHS" */ = {
			isa = XCConfigurationList;
			buildConfigurations = (
				3F37570E1ADF39970017223E /* Debug */,
				3F37570F1ADF39970017223E /* Release */,
			);
			defaultConfigurationIsVisible = 0;
			defaultConfigurationName = Release;
		};
		3F3757101ADF39970017223E /* Build configuration list for PBXNativeTarget "GBHS" */ = {
			isa = XCConfigurationList;
			buildConfigurations = (
				3F3757111ADF39970017223E /* Debug */,
				3F3757121ADF39970017223E /* Release */,
			);
			defaultConfigurationIsVisible = 0;
			defaultConfigurationName = Release;
		};
		3F3757131ADF39970017223E /* Build configuration list for PBXNativeTarget "GBHSTests" */ = {
			isa = XCConfigurationList;
			buildConfigurations = (
				3F3757141ADF39970017223E /* Debug */,
				3F3757151ADF39970017223E /* Release */,
			);
			defaultConfigurationIsVisible = 0;
			defaultConfigurationName = Release;
		};
/* End XCConfigurationList section */
	};
	rootObject = 3F3756E91ADF39970017223E /* Project object */;
}
